
Microsoft Visual Studio Solution File, Format Version 12.00
# Visual Studio Version 17
VisualStudioVersion = 17.2.32630.192
MinimumVisualStudioVersion = 10.0.40219.1
Project("{9A19103F-16F7-4668-BE54-9A1E7A4F7556}") = "Front-end", "Front-end\Front-end.csproj", "{932FCD27-7843-4B87-81D9-EC4E2944037B}"
EndProject
Project("{FAE04EC0-301F-11D3-BF4B-00C04F79EFBC}") = "UnitTestFrontend", "UnitTestFrontend\UnitTestFrontend.csproj", "{8705CD9F-3D75-4CA5-853B-42ED91D063A1}"
EndProject
Global
	GlobalSection(SolutionConfigurationPlatforms) = preSolution
		Debug|Any CPU = Debug|Any CPU
		Release|Any CPU = Release|Any CPU
	EndGlobalSection
	GlobalSection(ProjectConfigurationPlatforms) = postSolution
		{932FCD27-7843-4B87-81D9-EC4E2944037B}.Debug|Any CPU.ActiveCfg = Debug|Any CPU
		{932FCD27-7843-4B87-81D9-EC4E2944037B}.Debug|Any CPU.Build.0 = Debug|Any CPU
		{932FCD27-7843-4B87-81D9-EC4E2944037B}.Release|Any CPU.ActiveCfg = Release|Any CPU
		{932FCD27-7843-4B87-81D9-EC4E2944037B}.Release|Any CPU.Build.0 = Release|Any CPU
		{8705CD9F-3D75-4CA5-853B-42ED91D063A1}.Debug|Any CPU.ActiveCfg = Debug|Any CPU
		{8705CD9F-3D75-4CA5-853B-42ED91D063A1}.Debug|Any CPU.Build.0 = Debug|Any CPU
		{8705CD9F-3D75-4CA5-853B-42ED91D063A1}.Release|Any CPU.ActiveCfg = Release|Any CPU
		{8705CD9F-3D75-4CA5-853B-42ED91D063A1}.Release|Any CPU.Build.0 = Release|Any CPU
	EndGlobalSection
	GlobalSection(SolutionProperties) = preSolution
		HideSolutionNode = FALSE
	EndGlobalSection
	GlobalSection(ExtensibilityGlobals) = postSolution
		SolutionGuid = {359E2F38-2725-40D6-91B8-FBE65BA34957}
	EndGlobalSection
EndGlobal
